
Microsoft Visual Studio Solution File, Format Version 12.00
# Visual Studio Version 17
VisualStudioVersion = 17.7.34031.279
MinimumVisualStudioVersion = 10.0.40219.1
Project("{FAE04EC0-301F-11D3-BF4B-00C04F79EFBC}") = "ServiceCurso", "ServiceCurso\ServiceCurso.csproj", "{0277A0FC-0F94-45B9-8D40-1079E08B33C7}"
EndProject
Global
	GlobalSection(SolutionConfigurationPlatforms) = preSolution
		Debug|Any CPU = Debug|Any CPU
		Release|Any CPU = Release|Any CPU
	EndGlobalSection
	GlobalSection(ProjectConfigurationPlatforms) = postSolution
		{0277A0FC-0F94-45B9-8D40-1079E08B33C7}.Debug|Any CPU.ActiveCfg = Debug|Any CPU
		{0277A0FC-0F94-45B9-8D40-1079E08B33C7}.Debug|Any CPU.Build.0 = Debug|Any CPU
		{0277A0FC-0F94-45B9-8D40-1079E08B33C7}.Release|Any CPU.ActiveCfg = Release|Any CPU
		{0277A0FC-0F94-45B9-8D40-1079E08B33C7}.Release|Any CPU.Build.0 = Release|Any CPU
	EndGlobalSection
	GlobalSection(SolutionProperties) = preSolution
		HideSolutionNode = FALSE
	EndGlobalSection
	GlobalSection(ExtensibilityGlobals) = postSolution
		SolutionGuid = {47661082-77EC-48AD-B6B2-8A0198F4B580}
	EndGlobalSection
EndGlobal
